{
  "name": "pix-bank",
  "version": "1.0.0",
  "lockfileVersion": 3,
  "requires": true,
  "packages": {
    "": {
      "name": "pix-bank",
      "version": "1.0.0",
      "license": "ISC",
      "workspaces": [
        "./apps/*",
        "./packages/*"
      ],
      "dependencies": {
        "@worskpace/utils": "1.0.0"
      }
    },
    "apps/bank": {
      "name": "@pix-bank/bank",
      "version": "1.0.0",
      "license": "ISC",
      "devDependencies": {}
    },
    "apps/pix": {
      "name": "@pix-bank/pix",
      "version": "1.0.0",
      "license": "ISC",
      "dependencies": {
        "@workspace/utils": "^1.0.0"
      }
    },
    "node_modules/@pix-bank/bank": {
      "resolved": "apps/bank",
      "link": true
    },
    "node_modules/@pix-bank/pix": {
      "resolved": "apps/pix",
      "link": true
    },
    "node_modules/@pix-bank/utils": {
      "resolved": "packages/utils",
      "link": true
    },
    "node_modules/@workspace/utils": {
      "resolved": "packages/utils",
      "link": true
    },
    "node_modules/@worskpace/utils": {
      "resolved": "packages/utils",
      "link": true
    },
    "packages/utils": {
      "name": "@pix-bank/utils",
      "version": "1.0.0",
      "license": "ISC",
      "devDependencies": {}
    }
  }
}
